
Microsoft Visual Studio Solution File, Format Version 12.00
# Visual Studio Version 17
VisualStudioVersion = 17.3.32901.215
MinimumVisualStudioVersion = 10.0.40219.1
Project("{FAE04EC0-301F-11D3-BF4B-00C04F79EFBC}") = "WebApiExemploComplextoClient", "WebApiExemploComplextoClient\WebApiExemploComplextoClient.csproj", "{EFD8EF13-04D7-4072-81A9-D3B3218E4CBD}"
EndProject
Global
	GlobalSection(SolutionConfigurationPlatforms) = preSolution
		Debug|Any CPU = Debug|Any CPU
		Release|Any CPU = Release|Any CPU
	EndGlobalSection
	GlobalSection(ProjectConfigurationPlatforms) = postSolution
		{EFD8EF13-04D7-4072-81A9-D3B3218E4CBD}.Debug|Any CPU.ActiveCfg = Debug|Any CPU
		{EFD8EF13-04D7-4072-81A9-D3B3218E4CBD}.Debug|Any CPU.Build.0 = Debug|Any CPU
		{EFD8EF13-04D7-4072-81A9-D3B3218E4CBD}.Release|Any CPU.ActiveCfg = Release|Any CPU
		{EFD8EF13-04D7-4072-81A9-D3B3218E4CBD}.Release|Any CPU.Build.0 = Release|Any CPU
	EndGlobalSection
	GlobalSection(SolutionProperties) = preSolution
		HideSolutionNode = FALSE
	EndGlobalSection
	GlobalSection(ExtensibilityGlobals) = postSolution
		SolutionGuid = {A6400A13-68F2-43D2-AB47-A4E8170D3237}
	EndGlobalSection
EndGlobal
