
Microsoft Visual Studio Solution File, Format Version 12.00
# Visual Studio Version 17
VisualStudioVersion = 17.3.32901.215
MinimumVisualStudioVersion = 10.0.40219.1
Project("{9A19103F-16F7-4668-BE54-9A1E7A4F7556}") = "ExemploClasses", "ExemploClasses.csproj", "{6B7F44C3-2045-4928-AB34-99D1641CA005}"
EndProject
Project("{FAE04EC0-301F-11D3-BF4B-00C04F79EFBC}") = "Calculadora", "..\Calculadora\Calculadora.csproj", "{28C546CE-14EF-4ED6-8F05-C92579D9FA9D}"
EndProject
Project("{FAE04EC0-301F-11D3-BF4B-00C04F79EFBC}") = "Calculadora.Tests", "..\Calculadora.Tests\Calculadora.Tests.csproj", "{A29965AC-A72C-4157-83DD-7ECE15D8D46C}"
EndProject
Global
	GlobalSection(SolutionConfigurationPlatforms) = preSolution
		Debug|Any CPU = Debug|Any CPU
		Release|Any CPU = Release|Any CPU
	EndGlobalSection
	GlobalSection(ProjectConfigurationPlatforms) = postSolution
		{6B7F44C3-2045-4928-AB34-99D1641CA005}.Debug|Any CPU.ActiveCfg = Debug|Any CPU
		{6B7F44C3-2045-4928-AB34-99D1641CA005}.Debug|Any CPU.Build.0 = Debug|Any CPU
		{6B7F44C3-2045-4928-AB34-99D1641CA005}.Release|Any CPU.ActiveCfg = Release|Any CPU
		{6B7F44C3-2045-4928-AB34-99D1641CA005}.Release|Any CPU.Build.0 = Release|Any CPU
		{28C546CE-14EF-4ED6-8F05-C92579D9FA9D}.Debug|Any CPU.ActiveCfg = Debug|Any CPU
		{28C546CE-14EF-4ED6-8F05-C92579D9FA9D}.Debug|Any CPU.Build.0 = Debug|Any CPU
		{28C546CE-14EF-4ED6-8F05-C92579D9FA9D}.Release|Any CPU.ActiveCfg = Release|Any CPU
		{28C546CE-14EF-4ED6-8F05-C92579D9FA9D}.Release|Any CPU.Build.0 = Release|Any CPU
		{A29965AC-A72C-4157-83DD-7ECE15D8D46C}.Debug|Any CPU.ActiveCfg = Debug|Any CPU
		{A29965AC-A72C-4157-83DD-7ECE15D8D46C}.Debug|Any CPU.Build.0 = Debug|Any CPU
		{A29965AC-A72C-4157-83DD-7ECE15D8D46C}.Release|Any CPU.ActiveCfg = Release|Any CPU
		{A29965AC-A72C-4157-83DD-7ECE15D8D46C}.Release|Any CPU.Build.0 = Release|Any CPU
	EndGlobalSection
	GlobalSection(SolutionProperties) = preSolution
		HideSolutionNode = FALSE
	EndGlobalSection
	GlobalSection(ExtensibilityGlobals) = postSolution
		SolutionGuid = {9B52699D-6ACA-4D0D-8A08-19CA76920C38}
	EndGlobalSection
EndGlobal
