
Microsoft Visual Studio Solution File, Format Version 12.00
# Visual Studio Version 17
VisualStudioVersion = 17.3.32901.215
MinimumVisualStudioVersion = 10.0.40219.1
Project("{FAE04EC0-301F-11D3-BF4B-00C04F79EFBC}") = "ClienteAsmx", "ClienteAsmx\ClienteAsmx.csproj", "{46CC8BDB-DC06-468F-B4F2-ECFBE25B4DEC}"
EndProject
Global
	GlobalSection(SolutionConfigurationPlatforms) = preSolution
		Debug|Any CPU = Debug|Any CPU
		Release|Any CPU = Release|Any CPU
	EndGlobalSection
	GlobalSection(ProjectConfigurationPlatforms) = postSolution
		{46CC8BDB-DC06-468F-B4F2-ECFBE25B4DEC}.Debug|Any CPU.ActiveCfg = Debug|Any CPU
		{46CC8BDB-DC06-468F-B4F2-ECFBE25B4DEC}.Debug|Any CPU.Build.0 = Debug|Any CPU
		{46CC8BDB-DC06-468F-B4F2-ECFBE25B4DEC}.Release|Any CPU.ActiveCfg = Release|Any CPU
		{46CC8BDB-DC06-468F-B4F2-ECFBE25B4DEC}.Release|Any CPU.Build.0 = Release|Any CPU
	EndGlobalSection
	GlobalSection(SolutionProperties) = preSolution
		HideSolutionNode = FALSE
	EndGlobalSection
	GlobalSection(ExtensibilityGlobals) = postSolution
		SolutionGuid = {41A013F6-2219-4873-B5CE-8A7E86B1FBBD}
	EndGlobalSection
EndGlobal
