
Microsoft Visual Studio Solution File, Format Version 12.00
# Visual Studio Version 17
VisualStudioVersion = 17.3.32901.215
MinimumVisualStudioVersion = 10.0.40219.1
Project("{FAE04EC0-301F-11D3-BF4B-00C04F79EFBC}") = "ClienteWCF", "ClienteWCF\ClienteWCF.csproj", "{6268ABB7-014A-4042-9A42-EBDBC17DD2E9}"
EndProject
Global
	GlobalSection(SolutionConfigurationPlatforms) = preSolution
		Debug|Any CPU = Debug|Any CPU
		Release|Any CPU = Release|Any CPU
	EndGlobalSection
	GlobalSection(ProjectConfigurationPlatforms) = postSolution
		{6268ABB7-014A-4042-9A42-EBDBC17DD2E9}.Debug|Any CPU.ActiveCfg = Debug|Any CPU
		{6268ABB7-014A-4042-9A42-EBDBC17DD2E9}.Debug|Any CPU.Build.0 = Debug|Any CPU
		{6268ABB7-014A-4042-9A42-EBDBC17DD2E9}.Release|Any CPU.ActiveCfg = Release|Any CPU
		{6268ABB7-014A-4042-9A42-EBDBC17DD2E9}.Release|Any CPU.Build.0 = Release|Any CPU
	EndGlobalSection
	GlobalSection(SolutionProperties) = preSolution
		HideSolutionNode = FALSE
	EndGlobalSection
	GlobalSection(ExtensibilityGlobals) = postSolution
		SolutionGuid = {8F0D3AB4-A0C3-4C17-B40A-AC30B7AC8B99}
	EndGlobalSection
EndGlobal
