
Microsoft Visual Studio Solution File, Format Version 12.00
# Visual Studio Version 17
VisualStudioVersion = 17.3.32901.215
MinimumVisualStudioVersion = 10.0.40219.1
Project("{FAE04EC0-301F-11D3-BF4B-00C04F79EFBC}") = "WebServicesExemplo", "WebServicesExemplo\WebServicesExemplo.csproj", "{2208D228-6806-4989-8401-8DB405346981}"
EndProject
Global
	GlobalSection(SolutionConfigurationPlatforms) = preSolution
		Debug|Any CPU = Debug|Any CPU
		Release|Any CPU = Release|Any CPU
	EndGlobalSection
	GlobalSection(ProjectConfigurationPlatforms) = postSolution
		{2208D228-6806-4989-8401-8DB405346981}.Debug|Any CPU.ActiveCfg = Debug|Any CPU
		{2208D228-6806-4989-8401-8DB405346981}.Debug|Any CPU.Build.0 = Debug|Any CPU
		{2208D228-6806-4989-8401-8DB405346981}.Release|Any CPU.ActiveCfg = Release|Any CPU
		{2208D228-6806-4989-8401-8DB405346981}.Release|Any CPU.Build.0 = Release|Any CPU
	EndGlobalSection
	GlobalSection(SolutionProperties) = preSolution
		HideSolutionNode = FALSE
	EndGlobalSection
	GlobalSection(ExtensibilityGlobals) = postSolution
		SolutionGuid = {75022201-E611-45C9-8DFD-A3FF93DFDC1B}
	EndGlobalSection
EndGlobal
